// !$*UTF8*$!
{
	archiveVersion = 1;
	classes = {
	};
	objectVersion = 55;
	objects = {

/* Begin PBXBuildFile section */
		AB2647A927933749008DA1DF /* MenuBarController.swift in Sources */ = {isa = PBXBuildFile; fileRef = AB2647A827933749008DA1DF /* MenuBarController.swift */; };
		ABA4A851279C96B100B913E5 /* USBWatcherHandler.swift in Sources */ = {isa = PBXBuildFile; fileRef = ABA4A850279C96B100B913E5 /* USBWatcherHandler.swift */; };
		ABCC2924279B178400F11B16 /* USBWatcher.swift in Sources */ = {isa = PBXBuildFile; fileRef = ABCC2923279B178400F11B16 /* USBWatcher.swift */; };
		B8525339277C1D7400EB03EC /* Main.storyboard in Resources */ = {isa = PBXBuildFile; fileRef = B8525338277C1D7400EB03EC /* Main.storyboard */; };
		B8648628277BB930006E1A64 /* logger.swift in Sources */ = {isa = PBXBuildFile; fileRef = B8648627277BB92F006E1A64 /* logger.swift */; };
		B892B38C27782CD200049C74 /* AppDelegate.swift in Sources */ = {isa = PBXBuildFile; fileRef = B892B38B27782CD200049C74 /* AppDelegate.swift */; };
		B892B38E27782CD300049C74 /* Assets.xcassets in Resources */ = {isa = PBXBuildFile; fileRef = B892B38D27782CD300049C74 /* Assets.xcassets */; };
		B8FC27892779657C00CE148A /* Forter.swift in Sources */ = {isa = PBXBuildFile; fileRef = B8FC27882779657C00CE148A /* Forter.swift */; };
/* End PBXBuildFile section */

/* Begin PBXFileReference section */
		AB2647A827933749008DA1DF /* MenuBarController.swift */ = {isa = PBXFileReference; lastKnownFileType = sourcecode.swift; path = MenuBarController.swift; sourceTree = "<group>"; };
		ABA4A850279C96B100B913E5 /* USBWatcherHandler.swift */ = {isa = PBXFileReference; lastKnownFileType = sourcecode.swift; path = USBWatcherHandler.swift; sourceTree = "<group>"; };
		ABCC2923279B178400F11B16 /* USBWatcher.swift */ = {isa = PBXFileReference; fileEncoding = 4; lastKnownFileType = sourcecode.swift; path = USBWatcher.swift; sourceTree = "<group>"; };
		B8525338277C1D7400EB03EC /* Main.storyboard */ = {isa = PBXFileReference; lastKnownFileType = file.storyboard; path = Main.storyboard; sourceTree = "<group>"; };
		B8525370277D610400EB03EC /* Info.plist */ = {isa = PBXFileReference; lastKnownFileType = text.plist; path = Info.plist; sourceTree = "<group>"; };
		B8648627277BB92F006E1A64 /* logger.swift */ = {isa = PBXFileReference; lastKnownFileType = sourcecode.swift; path = logger.swift; sourceTree = "<group>"; };
		B892B38827782CD200049C74 /* Strawberry.app */ = {isa = PBXFileReference; explicitFileType = wrapper.application; includeInIndex = 0; path = Strawberry.app; sourceTree = BUILT_PRODUCTS_DIR; };
		B892B38B27782CD200049C74 /* AppDelegate.swift */ = {isa = PBXFileReference; lastKnownFileType = sourcecode.swift; path = AppDelegate.swift; sourceTree = "<group>"; };
		B892B38D27782CD300049C74 /* Assets.xcassets */ = {isa = PBXFileReference; lastKnownFileType = folder.assetcatalog; path = Assets.xcassets; sourceTree = "<group>"; };
		B892B39227782CD300049C74 /* Strawberry.entitlements */ = {isa = PBXFileReference; lastKnownFileType = text.plist.entitlements; path = Strawberry.entitlements; sourceTree = "<group>"; };
		B8FC27882779657C00CE148A /* Forter.swift */ = {isa = PBXFileReference; lastKnownFileType = sourcecode.swift; path = Forter.swift; sourceTree = "<group>"; };
/* End PBXFileReference section */

/* Begin PBXFrameworksBuildPhase section */
		B892B38527782CD200049C74 /* Frameworks */ = {
			isa = PBXFrameworksBuildPhase;
			buildActionMask = 2147483647;
			files = (
			);
			runOnlyForDeploymentPostprocessing = 0;
		};
/* End PBXFrameworksBuildPhase section */

/* Begin PBXGroup section */
		B892B37F27782CD200049C74 = {
			isa = PBXGroup;
			children = (
				B892B38A27782CD200049C74 /* Strawberry */,
				B892B38927782CD200049C74 /* Products */,
			);
			sourceTree = "<group>";
		};
		B892B38927782CD200049C74 /* Products */ = {
			isa = PBXGroup;
			children = (
				B892B38827782CD200049C74 /* Strawberry.app */,
			);
			name = Products;
			sourceTree = "<group>";
		};
		B892B38A27782CD200049C74 /* Strawberry */ = {
			isa = PBXGroup;
			children = (
				B8525370277D610400EB03EC /* Info.plist */,
				B892B38D27782CD300049C74 /* Assets.xcassets */,
				B8525338277C1D7400EB03EC /* Main.storyboard */,
				B892B39227782CD300049C74 /* Strawberry.entitlements */,
				B892B38B27782CD200049C74 /* AppDelegate.swift */,
				B8FC27882779657C00CE148A /* Forter.swift */,
				B8648627277BB92F006E1A64 /* logger.swift */,
				AB2647A827933749008DA1DF /* MenuBarController.swift */,
				ABCC2923279B178400F11B16 /* USBWatcher.swift */,
				ABA4A850279C96B100B913E5 /* USBWatcherHandler.swift */,
			);
			path = Strawberry;
			sourceTree = "<group>";
		};
/* End PBXGroup section */

/* Begin PBXNativeTarget section */
		B892B38727782CD200049C74 /* Strawberry */ = {
			isa = PBXNativeTarget;
			buildConfigurationList = B892B3AB27782CD300049C74 /* Build configuration list for PBXNativeTarget "Strawberry" */;
			buildPhases = (
				B892B38427782CD200049C74 /* Sources */,
				B892B38527782CD200049C74 /* Frameworks */,
				B892B38627782CD200049C74 /* Resources */,
			);
			buildRules = (
			);
			dependencies = (
			);
			name = Strawberry;
			productName = Strawberry;
			productReference = B892B38827782CD200049C74 /* Strawberry.app */;
			productType = "com.apple.product-type.application";
		};
/* End PBXNativeTarget section */

/* Begin PBXProject section */
		B892B38027782CD200049C74 /* Project object */ = {
			isa = PBXProject;
			attributes = {
				BuildIndependentTargetsInParallel = 1;
				LastSwiftUpdateCheck = 1320;
				LastUpgradeCheck = 1320;
				TargetAttributes = {
					B892B38727782CD200049C74 = {
						CreatedOnToolsVersion = 13.2.1;
					};
				};
			};
			buildConfigurationList = B892B38327782CD200049C74 /* Build configuration list for PBXProject "Strawberry" */;
			compatibilityVersion = "Xcode 13.0";
			developmentRegion = en;
			hasScannedForEncodings = 0;
			knownRegions = (
				en,
				Base,
			);
			mainGroup = B892B37F27782CD200049C74;
			productRefGroup = B892B38927782CD200049C74 /* Products */;
			projectDirPath = "";
			projectRoot = "";
			targets = (
				B892B38727782CD200049C74 /* Strawberry */,
			);
		};
/* End PBXProject section */

/* Begin PBXResourcesBuildPhase section */
		B892B38627782CD200049C74 /* Resources */ = {
			isa = PBXResourcesBuildPhase;
			buildActionMask = 2147483647;
			files = (
				B892B38E27782CD300049C74 /* Assets.xcassets in Resources */,
				B8525339277C1D7400EB03EC /* Main.storyboard in Resources */,
			);
			runOnlyForDeploymentPostprocessing = 0;
		};
/* End PBXResourcesBuildPhase section */

/* Begin PBXSourcesBuildPhase section */
		B892B38427782CD200049C74 /* Sources */ = {
			isa = PBXSourcesBuildPhase;
			buildActionMask = 2147483647;
			files = (
				ABA4A851279C96B100B913E5 /* USBWatcherHandler.swift in Sources */,
				B8FC27892779657C00CE148A /* Forter.swift in Sources */,
				B892B38C27782CD200049C74 /* AppDelegate.swift in Sources */,
				B8648628277BB930006E1A64 /* logger.swift in Sources */,
				AB2647A927933749008DA1DF /* MenuBarController.swift in Sources */,
				ABCC2924279B178400F11B16 /* USBWatcher.swift in Sources */,
			);
			runOnlyForDeploymentPostprocessing = 0;
		};
/* End PBXSourcesBuildPhase section */

/* Begin XCBuildConfiguration section */
		B892B3A927782CD300049C74 /* Debug */ = {
			isa = XCBuildConfiguration;
			buildSettings = {
				ALWAYS_SEARCH_USER_PATHS = NO;
				CLANG_ANALYZER_NONNULL = YES;
				CLANG_ANALYZER_NUMBER_OBJECT_CONVERSION = YES_AGGRESSIVE;
				CLANG_CXX_LANGUAGE_STANDARD = "gnu++17";
				CLANG_CXX_LIBRARY = "libc++";
				CLANG_ENABLE_MODULES = YES;
				CLANG_ENABLE_OBJC_ARC = YES;
				CLANG_ENABLE_OBJC_WEAK = YES;
				CLANG_WARN_BLOCK_CAPTURE_AUTORELEASING = YES;
				CLANG_WARN_BOOL_CONVERSION = YES;
				CLANG_WARN_COMMA = YES;
				CLANG_WARN_CONSTANT_CONVERSION = YES;
				CLANG_WARN_DEPRECATED_OBJC_IMPLEMENTATIONS = YES;
				CLANG_WARN_DIRECT_OBJC_ISA_USAGE = YES_ERROR;
				CLANG_WARN_DOCUMENTATION_COMMENTS = YES;
				CLANG_WARN_EMPTY_BODY = YES;
				CLANG_WARN_ENUM_CONVERSION = YES;
				CLANG_WARN_INFINITE_RECURSION = YES;
				CLANG_WARN_INT_CONVERSION = YES;
				CLANG_WARN_NON_LITERAL_NULL_CONVERSION = YES;
				CLANG_WARN_OBJC_IMPLICIT_RETAIN_SELF = YES;
				CLANG_WARN_OBJC_LITERAL_CONVERSION = YES;
				CLANG_WARN_OBJC_ROOT_CLASS = YES_ERROR;
				CLANG_WARN_QUOTED_INCLUDE_IN_FRAMEWORK_HEADER = YES;
				CLANG_WARN_RANGE_LOOP_ANALYSIS = YES;
				CLANG_WARN_STRICT_PROTOTYPES = YES;
				CLANG_WARN_SUSPICIOUS_MOVE = YES;
				CLANG_WARN_UNGUARDED_AVAILABILITY = YES_AGGRESSIVE;
				CLANG_WARN_UNREACHABLE_CODE = YES;
				CLANG_WARN__DUPLICATE_METHOD_MATCH = YES;
				COPY_PHASE_STRIP = NO;
				DEBUG_INFORMATION_FORMAT = dwarf;
				ENABLE_STRICT_OBJC_MSGSEND = YES;
				ENABLE_TESTABILITY = YES;
				GCC_C_LANGUAGE_STANDARD = gnu11;
				GCC_DYNAMIC_NO_PIC = NO;
				GCC_NO_COMMON_BLOCKS = YES;
				GCC_OPTIMIZATION_LEVEL = 0;
				GCC_PREPROCESSOR_DEFINITIONS = (
					"DEBUG=1",
					"$(inherited)",
				);
				GCC_WARN_64_TO_32_BIT_CONVERSION = YES;
				GCC_WARN_ABOUT_RETURN_TYPE = YES_ERROR;
				GCC_WARN_UNDECLARED_SELECTOR = YES;
				GCC_WARN_UNINITIALIZED_AUTOS = YES_AGGRESSIVE;
				GCC_WARN_UNUSED_FUNCTION = YES;
				GCC_WARN_UNUSED_VARIABLE = YES;
				MACOSX_DEPLOYMENT_TARGET = 12.0;
				MTL_ENABLE_DEBUG_INFO = INCLUDE_SOURCE;
				MTL_FAST_MATH = YES;
				ONLY_ACTIVE_ARCH = YES;
				SDKROOT = macosx;
				SWIFT_ACTIVE_COMPILATION_CONDITIONS = DEBUG;
				SWIFT_OPTIMIZATION_LEVEL = "-Onone";
			};
			name = Debug;
		};
		B892B3AA27782CD300049C74 /* Release */ = {
			isa = XCBuildConfiguration;
			buildSettings = {
				ALWAYS_SEARCH_USER_PATHS = NO;
				CLANG_ANALYZER_NONNULL = YES;
				CLANG_ANALYZER_NUMBER_OBJECT_CONVERSION = YES_AGGRESSIVE;
				CLANG_CXX_LANGUAGE_STANDARD = "gnu++17";
				CLANG_CXX_LIBRARY = "libc++";
				CLANG_ENABLE_MODULES = YES;
				CLANG_ENABLE_OBJC_ARC = YES;
				CLANG_ENABLE_OBJC_WEAK = YES;
				CLANG_WARN_BLOCK_CAPTURE_AUTORELEASING = YES;
				CLANG_WARN_BOOL_CONVERSION = YES;
				CLANG_WARN_COMMA = YES;
				CLANG_WARN_CONSTANT_CONVERSION = YES;
				CLANG_WARN_DEPRECATED_OBJC_IMPLEMENTATIONS = YES;
				CLANG_WARN_DIRECT_OBJC_ISA_USAGE = YES_ERROR;
				CLANG_WARN_DOCUMENTATION_COMMENTS = YES;
				CLANG_WARN_EMPTY_BODY = YES;
				CLANG_WARN_ENUM_CONVERSION = YES;
				CLANG_WARN_INFINITE_RECURSION = YES;
				CLANG_WARN_INT_CONVERSION = YES;
				CLANG_WARN_NON_LITERAL_NULL_CONVERSION = YES;
				CLANG_WARN_OBJC_IMPLICIT_RETAIN_SELF = YES;
				CLANG_WARN_OBJC_LITERAL_CONVERSION = YES;
				CLANG_WARN_OBJC_ROOT_CLASS = YES_ERROR;
				CLANG_WARN_QUOTED_INCLUDE_IN_FRAMEWORK_HEADER = YES;
				CLANG_WARN_RANGE_LOOP_ANALYSIS = YES;
				CLANG_WARN_STRICT_PROTOTYPES = YES;
				CLANG_WARN_SUSPICIOUS_MOVE = YES;
				CLANG_WARN_UNGUARDED_AVAILABILITY = YES_AGGRESSIVE;
				CLANG_WARN_UNREACHABLE_CODE = YES;
				CLANG_WARN__DUPLICATE_METHOD_MATCH = YES;
				COPY_PHASE_STRIP = NO;
				DEBUG_INFORMATION_FORMAT = "dwarf-with-dsym";
				ENABLE_NS_ASSERTIONS = NO;
				ENABLE_STRICT_OBJC_MSGSEND = YES;
				GCC_C_LANGUAGE_STANDARD = gnu11;
				GCC_NO_COMMON_BLOCKS = YES;
				GCC_WARN_64_TO_32_BIT_CONVERSION = YES;
				GCC_WARN_ABOUT_RETURN_TYPE = YES_ERROR;
				GCC_WARN_UNDECLARED_SELECTOR = YES;
				GCC_WARN_UNINITIALIZED_AUTOS = YES_AGGRESSIVE;
				GCC_WARN_UNUSED_FUNCTION = YES;
				GCC_WARN_UNUSED_VARIABLE = YES;
				MACOSX_DEPLOYMENT_TARGET = 12.0;
				MTL_ENABLE_DEBUG_INFO = NO;
				MTL_FAST_MATH = YES;
				SDKROOT = macosx;
				SWIFT_COMPILATION_MODE = wholemodule;
				SWIFT_OPTIMIZATION_LEVEL = "-O";
			};
			name = Release;
		};
		B892B3AC27782CD300049C74 /* Debug */ = {
			isa = XCBuildConfiguration;
			buildSettings = {
				ASSETCATALOG_COMPILER_APPICON_NAME = AppIcon;
				ASSETCATALOG_COMPILER_GLOBAL_ACCENT_COLOR_NAME = AccentColor;
				CODE_SIGN_ENTITLEMENTS = Strawberry/Strawberry.entitlements;
				CODE_SIGN_STYLE = Automatic;
				COMBINE_HIDPI_IMAGES = YES;
				CURRENT_PROJECT_VERSION = 1;
				GENERATE_INFOPLIST_FILE = YES;
				INFOPLIST_FILE = Strawberry/Info.plist;
				INFOPLIST_KEY_LSApplicationCategoryType = "public.app-category.photography";
				INFOPLIST_KEY_NSHumanReadableCopyright = "";
				INFOPLIST_KEY_NSMainStoryboardFile = Main;
				INFOPLIST_KEY_NSPrincipalClass = NSApplication;
				LD_RUNPATH_SEARCH_PATHS = (
					"$(inherited)",
					"@executable_path/../Frameworks",
				);
				MARKETING_VERSION = 1.1;
				PRODUCT_BUNDLE_IDENTIFIER = mitera.Strawberry;
				PRODUCT_NAME = "$(TARGET_NAME)";
				SWIFT_EMIT_LOC_STRINGS = YES;
				SWIFT_VERSION = 5.0;
			};
			name = Debug;
		};
		B892B3AD27782CD300049C74 /* Release */ = {
			isa = XCBuildConfiguration;
			buildSettings = {
				ASSETCATALOG_COMPILER_APPICON_NAME = AppIcon;
				ASSETCATALOG_COMPILER_GLOBAL_ACCENT_COLOR_NAME = AccentColor;
				CODE_SIGN_ENTITLEMENTS = Strawberry/Strawberry.entitlements;
				CODE_SIGN_STYLE = Automatic;
				COMBINE_HIDPI_IMAGES = YES;
				CURRENT_PROJECT_VERSION = 1;
				GENERATE_INFOPLIST_FILE = YES;
				INFOPLIST_FILE = Strawberry/Info.plist;
				INFOPLIST_KEY_LSApplicationCategoryType = "public.app-category.photography";
				INFOPLIST_KEY_NSHumanReadableCopyright = "";
				INFOPLIST_KEY_NSMainStoryboardFile = Main;
				INFOPLIST_KEY_NSPrincipalClass = NSApplication;
				LD_RUNPATH_SEARCH_PATHS = (
					"$(inherited)",
					"@executable_path/../Frameworks",
				);
				MARKETING_VERSION = 1.1;
				PRODUCT_BUNDLE_IDENTIFIER = mitera.Strawberry;
				PRODUCT_NAME = "$(TARGET_NAME)";
				SWIFT_EMIT_LOC_STRINGS = YES;
				SWIFT_VERSION = 5.0;
			};
			name = Release;
		};
/* End XCBuildConfiguration section */

/* Begin XCConfigurationList section */
		B892B38327782CD200049C74 /* Build configuration list for PBXProject "Strawberry" */ = {
			isa = XCConfigurationList;
			buildConfigurations = (
				B892B3A927782CD300049C74 /* Debug */,
				B892B3AA27782CD300049C74 /* Release */,
			);
			defaultConfigurationIsVisible = 0;
			defaultConfigurationName = Release;
		};
		B892B3AB27782CD300049C74 /* Build configuration list for PBXNativeTarget "Strawberry" */ = {
			isa = XCConfigurationList;
			buildConfigurations = (
				B892B3AC27782CD300049C74 /* Debug */,
				B892B3AD27782CD300049C74 /* Release */,
			);
			defaultConfigurationIsVisible = 0;
			defaultConfigurationName = Release;
		};
/* End XCConfigurationList section */
	};
	rootObject = B892B38027782CD200049C74 /* Project object */;
}
